
Microsoft Visual Studio Solution File, Format Version 12.00
# Visual Studio 15
VisualStudioVersion = 15.0.26730.16
MinimumVisualStudioVersion = 10.0.40219.1
Project("{FAE04EC0-301F-11D3-BF4B-00C04F79EFBC}") = "Coding_Dojo1", "Coding_Dojo1\Coding_Dojo1.csproj", "{0FE6E158-3DFC-4A37-92B3-512E74BDD9B3}"
EndProject
Global
	GlobalSection(SolutionConfigurationPlatforms) = preSolution
		Debug|Any CPU = Debug|Any CPU
		Release|Any CPU = Release|Any CPU
	EndGlobalSection
	GlobalSection(ProjectConfigurationPlatforms) = postSolution
		{0FE6E158-3DFC-4A37-92B3-512E74BDD9B3}.Debug|Any CPU.ActiveCfg = Debug|Any CPU
		{0FE6E158-3DFC-4A37-92B3-512E74BDD9B3}.Debug|Any CPU.Build.0 = Debug|Any CPU
		{0FE6E158-3DFC-4A37-92B3-512E74BDD9B3}.Release|Any CPU.ActiveCfg = Release|Any CPU
		{0FE6E158-3DFC-4A37-92B3-512E74BDD9B3}.Release|Any CPU.Build.0 = Release|Any CPU
	EndGlobalSection
	GlobalSection(SolutionProperties) = preSolution
		HideSolutionNode = FALSE
	EndGlobalSection
	GlobalSection(ExtensibilityGlobals) = postSolution
		SolutionGuid = {27D6B8A7-1184-41E1-AB28-D7BEEC2638C0}
	EndGlobalSection
EndGlobal
